// !$*UTF8*$!
{
	archiveVersion = 1;
	classes = {
	};
	objectVersion = 48;
	objects = {

/* Begin PBXBuildFile section */
		3E08842220BF948F00D8ED00 /* LNPhotoListViewController.m in Sources */ = {isa = PBXBuildFile; fileRef = 3E08842120BF948F00D8ED00 /* LNPhotoListViewController.m */; };
		3E08842520BF957C00D8ED00 /* LNPhotoCollectionViewCell.m in Sources */ = {isa = PBXBuildFile; fileRef = 3E08842320BF957C00D8ED00 /* LNPhotoCollectionViewCell.m */; };
		3E08842820BF95E900D8ED00 /* LN_ic_check@2x.png in Resources */ = {isa = PBXBuildFile; fileRef = 3E08842620BF95E900D8ED00 /* LN_ic_check@2x.png */; };
		3E08842920BF95E900D8ED00 /* LN_ic_unchecked@2x.png in Resources */ = {isa = PBXBuildFile; fileRef = 3E08842720BF95E900D8ED00 /* LN_ic_unchecked@2x.png */; };
		3E08842C20BFA0C000D8ED00 /* LNPhotoSelectManager.m in Sources */ = {isa = PBXBuildFile; fileRef = 3E08842B20BFA0C000D8ED00 /* LNPhotoSelectManager.m */; };
		3E08842F20BFA34100D8ED00 /* LNPhotoManager.m in Sources */ = {isa = PBXBuildFile; fileRef = 3E08842E20BFA34100D8ED00 /* LNPhotoManager.m */; };
		3E08843120BFE29C00D8ED00 /* LN_news_back@2x.png in Resources */ = {isa = PBXBuildFile; fileRef = 3E08843020BFE29C00D8ED00 /* LN_news_back@2x.png */; };
		3E08843420BFF6F900D8ED00 /* LNPhotoModel.m in Sources */ = {isa = PBXBuildFile; fileRef = 3E08843320BFF6F900D8ED00 /* LNPhotoModel.m */; };
		3E08844220C01FD000D8ED00 /* LNSelectPhotosPreviewViewController.m in Sources */ = {isa = PBXBuildFile; fileRef = 3E08844120C01FD000D8ED00 /* LNSelectPhotosPreviewViewController.m */; };
		3E65848E20BE7579008D97B7 /* LNAlbumInfoManager.m in Sources */ = {isa = PBXBuildFile; fileRef = 3E65848D20BE7579008D97B7 /* LNAlbumInfoManager.m */; };
		3E65849120BE7645008D97B7 /* LNAlbumModel.m in Sources */ = {isa = PBXBuildFile; fileRef = 3E65849020BE7645008D97B7 /* LNAlbumModel.m */; };
		3E8E7B7B20BD7DE80046033F /* AppDelegate.m in Sources */ = {isa = PBXBuildFile; fileRef = 3E8E7B7A20BD7DE80046033F /* AppDelegate.m */; };
		3E8E7B7E20BD7DE80046033F /* ViewController.m in Sources */ = {isa = PBXBuildFile; fileRef = 3E8E7B7D20BD7DE80046033F /* ViewController.m */; };
		3E8E7B8120BD7DE80046033F /* Main.storyboard in Resources */ = {isa = PBXBuildFile; fileRef = 3E8E7B7F20BD7DE80046033F /* Main.storyboard */; };
		3E8E7B8320BD7DE80046033F /* Assets.xcassets in Resources */ = {isa = PBXBuildFile; fileRef = 3E8E7B8220BD7DE80046033F /* Assets.xcassets */; };
		3E8E7B8620BD7DE80046033F /* LaunchScreen.storyboard in Resources */ = {isa = PBXBuildFile; fileRef = 3E8E7B8420BD7DE80046033F /* LaunchScreen.storyboard */; };
		3E8E7B8920BD7DE80046033F /* main.m in Sources */ = {isa = PBXBuildFile; fileRef = 3E8E7B8820BD7DE80046033F /* main.m */; };
		3E8E7B9320BD7DE90046033F /* selectPhotosTests.m in Sources */ = {isa = PBXBuildFile; fileRef = 3E8E7B9220BD7DE90046033F /* selectPhotosTests.m */; };
		3E8E7B9E20BD7DE90046033F /* selectPhotosUITests.m in Sources */ = {isa = PBXBuildFile; fileRef = 3E8E7B9D20BD7DE90046033F /* selectPhotosUITests.m */; };
		3E8E7BAE20BD8E3B0046033F /* LNPhotoAlbumListViewController.m in Sources */ = {isa = PBXBuildFile; fileRef = 3E8E7BAD20BD8E3B0046033F /* LNPhotoAlbumListViewController.m */; };
		3ECA0F3820BEA373005E473D /* ic_next@2x.png in Resources */ = {isa = PBXBuildFile; fileRef = 3ECA0F3720BEA373005E473D /* ic_next@2x.png */; };
		3ECA0F3A20BEA4E9005E473D /* noimage.png in Resources */ = {isa = PBXBuildFile; fileRef = 3ECA0F3920BEA4E9005E473D /* noimage.png */; };
		6D3B03D669F02DB9A8B160AA /* libPods-selectPhotos.a in Frameworks */ = {isa = PBXBuildFile; fileRef = CA53B6FD29C9705BD0D80F20 /* libPods-selectPhotos.a */; };
/* End PBXBuildFile section */

/* Begin PBXContainerItemProxy section */
		3E8E7B8F20BD7DE90046033F /* PBXContainerItemProxy */ = {
			isa = PBXContainerItemProxy;
			containerPortal = 3E8E7B6E20BD7DE80046033F /* Project object */;
			proxyType = 1;
			remoteGlobalIDString = 3E8E7B7520BD7DE80046033F;
			remoteInfo = selectPhotos;
		};
		3E8E7B9A20BD7DE90046033F /* PBXContainerItemProxy */ = {
			isa = PBXContainerItemProxy;
			containerPortal = 3E8E7B6E20BD7DE80046033F /* Project object */;
			proxyType = 1;
			remoteGlobalIDString = 3E8E7B7520BD7DE80046033F;
			remoteInfo = selectPhotos;
		};
/* End PBXContainerItemProxy section */

/* Begin PBXFileReference section */
		0A40865B1B4F01916EDE948F /* Pods-selectPhotos.debug.xcconfig */ = {isa = PBXFileReference; includeInIndex = 1; lastKnownFileType = text.xcconfig; name = "Pods-selectPhotos.debug.xcconfig"; path = "Pods/Target Support Files/Pods-selectPhotos/Pods-selectPhotos.debug.xcconfig"; sourceTree = "<group>"; };
		3E08842020BF948F00D8ED00 /* LNPhotoListViewController.h */ = {isa = PBXFileReference; lastKnownFileType = sourcecode.c.h; path = LNPhotoListViewController.h; sourceTree = "<group>"; };
		3E08842120BF948F00D8ED00 /* LNPhotoListViewController.m */ = {isa = PBXFileReference; lastKnownFileType = sourcecode.c.objc; path = LNPhotoListViewController.m; sourceTree = "<group>"; };
		3E08842320BF957C00D8ED00 /* LNPhotoCollectionViewCell.m */ = {isa = PBXFileReference; fileEncoding = 4; lastKnownFileType = sourcecode.c.objc; path = LNPhotoCollectionViewCell.m; sourceTree = "<group>"; };
		3E08842420BF957C00D8ED00 /* LNPhotoCollectionViewCell.h */ = {isa = PBXFileReference; fileEncoding = 4; lastKnownFileType = sourcecode.c.h; path = LNPhotoCollectionViewCell.h; sourceTree = "<group>"; };
		3E08842620BF95E900D8ED00 /* LN_ic_check@2x.png */ = {isa = PBXFileReference; lastKnownFileType = image.png; path = "LN_ic_check@2x.png"; sourceTree = "<group>"; };
		3E08842720BF95E900D8ED00 /* LN_ic_unchecked@2x.png */ = {isa = PBXFileReference; lastKnownFileType = image.png; path = "LN_ic_unchecked@2x.png"; sourceTree = "<group>"; };
		3E08842A20BFA0C000D8ED00 /* LNPhotoSelectManager.h */ = {isa = PBXFileReference; lastKnownFileType = sourcecode.c.h; path = LNPhotoSelectManager.h; sourceTree = "<group>"; };
		3E08842B20BFA0C000D8ED00 /* LNPhotoSelectManager.m */ = {isa = PBXFileReference; lastKnownFileType = sourcecode.c.objc; path = LNPhotoSelectManager.m; sourceTree = "<group>"; };
		3E08842D20BFA34100D8ED00 /* LNPhotoManager.h */ = {isa = PBXFileReference; lastKnownFileType = sourcecode.c.h; path = LNPhotoManager.h; sourceTree = "<group>"; };
		3E08842E20BFA34100D8ED00 /* LNPhotoManager.m */ = {isa = PBXFileReference; lastKnownFileType = sourcecode.c.objc; path = LNPhotoManager.m; sourceTree = "<group>"; };
		3E08843020BFE29C00D8ED00 /* LN_news_back@2x.png */ = {isa = PBXFileReference; lastKnownFileType = image.png; path = "LN_news_back@2x.png"; sourceTree = "<group>"; };
		3E08843220BFF6F900D8ED00 /* LNPhotoModel.h */ = {isa = PBXFileReference; lastKnownFileType = sourcecode.c.h; path = LNPhotoModel.h; sourceTree = "<group>"; };
		3E08843320BFF6F900D8ED00 /* LNPhotoModel.m */ = {isa = PBXFileReference; lastKnownFileType = sourcecode.c.objc; path = LNPhotoModel.m; sourceTree = "<group>"; };
		3E08843520BFF9F200D8ED00 /* LNSelectPhoto.h */ = {isa = PBXFileReference; lastKnownFileType = sourcecode.c.h; path = LNSelectPhoto.h; sourceTree = "<group>"; };
		3E08843B20BFFCAD00D8ED00 /* LNSelectPhoto.pch */ = {isa = PBXFileReference; lastKnownFileType = sourcecode.c.h; path = LNSelectPhoto.pch; sourceTree = "<group>"; };
		3E08844020C01FD000D8ED00 /* LNSelectPhotosPreviewViewController.h */ = {isa = PBXFileReference; lastKnownFileType = sourcecode.c.h; path = LNSelectPhotosPreviewViewController.h; sourceTree = "<group>"; };
		3E08844120C01FD000D8ED00 /* LNSelectPhotosPreviewViewController.m */ = {isa = PBXFileReference; lastKnownFileType = sourcecode.c.objc; path = LNSelectPhotosPreviewViewController.m; sourceTree = "<group>"; };
		3E65848C20BE7579008D97B7 /* LNAlbumInfoManager.h */ = {isa = PBXFileReference; lastKnownFileType = sourcecode.c.h; path = LNAlbumInfoManager.h; sourceTree = "<group>"; };
		3E65848D20BE7579008D97B7 /* LNAlbumInfoManager.m */ = {isa = PBXFileReference; lastKnownFileType = sourcecode.c.objc; path = LNAlbumInfoManager.m; sourceTree = "<group>"; };
		3E65848F20BE7645008D97B7 /* LNAlbumModel.h */ = {isa = PBXFileReference; lastKnownFileType = sourcecode.c.h; path = LNAlbumModel.h; sourceTree = "<group>"; };
		3E65849020BE7645008D97B7 /* LNAlbumModel.m */ = {isa = PBXFileReference; lastKnownFileType = sourcecode.c.objc; path = LNAlbumModel.m; sourceTree = "<group>"; };
		3E8E7B7620BD7DE80046033F /* selectPhotos.app */ = {isa = PBXFileReference; explicitFileType = wrapper.application; includeInIndex = 0; path = selectPhotos.app; sourceTree = BUILT_PRODUCTS_DIR; };
		3E8E7B7920BD7DE80046033F /* AppDelegate.h */ = {isa = PBXFileReference; lastKnownFileType = sourcecode.c.h; path = AppDelegate.h; sourceTree = "<group>"; };
		3E8E7B7A20BD7DE80046033F /* AppDelegate.m */ = {isa = PBXFileReference; lastKnownFileType = sourcecode.c.objc; path = AppDelegate.m; sourceTree = "<group>"; };
		3E8E7B7C20BD7DE80046033F /* ViewController.h */ = {isa = PBXFileReference; lastKnownFileType = sourcecode.c.h; path = ViewController.h; sourceTree = "<group>"; };
		3E8E7B7D20BD7DE80046033F /* ViewController.m */ = {isa = PBXFileReference; lastKnownFileType = sourcecode.c.objc; path = ViewController.m; sourceTree = "<group>"; };
		3E8E7B8020BD7DE80046033F /* Base */ = {isa = PBXFileReference; lastKnownFileType = file.storyboard; name = Base; path = Base.lproj/Main.storyboard; sourceTree = "<group>"; };
		3E8E7B8220BD7DE80046033F /* Assets.xcassets */ = {isa = PBXFileReference; lastKnownFileType = folder.assetcatalog; path = Assets.xcassets; sourceTree = "<group>"; };
		3E8E7B8520BD7DE80046033F /* Base */ = {isa = PBXFileReference; lastKnownFileType = file.storyboard; name = Base; path = Base.lproj/LaunchScreen.storyboard; sourceTree = "<group>"; };
		3E8E7B8720BD7DE80046033F /* Info.plist */ = {isa = PBXFileReference; lastKnownFileType = text.plist.xml; path = Info.plist; sourceTree = "<group>"; };
		3E8E7B8820BD7DE80046033F /* main.m */ = {isa = PBXFileReference; lastKnownFileType = sourcecode.c.objc; path = main.m; sourceTree = "<group>"; };
		3E8E7B8E20BD7DE90046033F /* selectPhotosTests.xctest */ = {isa = PBXFileReference; explicitFileType = wrapper.cfbundle; includeInIndex = 0; path = selectPhotosTests.xctest; sourceTree = BUILT_PRODUCTS_DIR; };
		3E8E7B9220BD7DE90046033F /* selectPhotosTests.m */ = {isa = PBXFileReference; lastKnownFileType = sourcecode.c.objc; path = selectPhotosTests.m; sourceTree = "<group>"; };
		3E8E7B9420BD7DE90046033F /* Info.plist */ = {isa = PBXFileReference; lastKnownFileType = text.plist.xml; path = Info.plist; sourceTree = "<group>"; };
		3E8E7B9920BD7DE90046033F /* selectPhotosUITests.xctest */ = {isa = PBXFileReference; explicitFileType = wrapper.cfbundle; includeInIndex = 0; path = selectPhotosUITests.xctest; sourceTree = BUILT_PRODUCTS_DIR; };
		3E8E7B9D20BD7DE90046033F /* selectPhotosUITests.m */ = {isa = PBXFileReference; lastKnownFileType = sourcecode.c.objc; path = selectPhotosUITests.m; sourceTree = "<group>"; };
		3E8E7B9F20BD7DE90046033F /* Info.plist */ = {isa = PBXFileReference; lastKnownFileType = text.plist.xml; path = Info.plist; sourceTree = "<group>"; };
		3E8E7BAC20BD8E3B0046033F /* LNPhotoAlbumListViewController.h */ = {isa = PBXFileReference; lastKnownFileType = sourcecode.c.h; path = LNPhotoAlbumListViewController.h; sourceTree = "<group>"; };
		3E8E7BAD20BD8E3B0046033F /* LNPhotoAlbumListViewController.m */ = {isa = PBXFileReference; lastKnownFileType = sourcecode.c.objc; path = LNPhotoAlbumListViewController.m; sourceTree = "<group>"; };
		3ECA0F3720BEA373005E473D /* ic_next@2x.png */ = {isa = PBXFileReference; lastKnownFileType = image.png; path = "ic_next@2x.png"; sourceTree = "<group>"; };
		3ECA0F3920BEA4E9005E473D /* noimage.png */ = {isa = PBXFileReference; lastKnownFileType = image.png; path = noimage.png; sourceTree = "<group>"; };
		3ECA0F5020BF8FDC005E473D /* selectPhotos copy-Info.plist */ = {isa = PBXFileReference; lastKnownFileType = text.plist.xml; name = "selectPhotos copy-Info.plist"; path = "/Users/dxg/SelectPhotos/selectPhotos/selectPhotos copy-Info.plist"; sourceTree = "<absolute>"; };
		CA53B6FD29C9705BD0D80F20 /* libPods-selectPhotos.a */ = {isa = PBXFileReference; explicitFileType = archive.ar; includeInIndex = 0; path = "libPods-selectPhotos.a"; sourceTree = BUILT_PRODUCTS_DIR; };
		F15468A53650566CB8BAB8BC /* Pods-selectPhotos.release.xcconfig */ = {isa = PBXFileReference; includeInIndex = 1; lastKnownFileType = text.xcconfig; name = "Pods-selectPhotos.release.xcconfig"; path = "Pods/Target Support Files/Pods-selectPhotos/Pods-selectPhotos.release.xcconfig"; sourceTree = "<group>"; };
/* End PBXFileReference section */

/* Begin PBXFrameworksBuildPhase section */
		3E8E7B7320BD7DE80046033F /* Frameworks */ = {
			isa = PBXFrameworksBuildPhase;
			buildActionMask = 2147483647;
			files = (
				6D3B03D669F02DB9A8B160AA /* libPods-selectPhotos.a in Frameworks */,
			);
			runOnlyForDeploymentPostprocessing = 0;
		};
		3E8E7B8B20BD7DE90046033F /* Frameworks */ = {
			isa = PBXFrameworksBuildPhase;
			buildActionMask = 2147483647;
			files = (
			);
			runOnlyForDeploymentPostprocessing = 0;
		};
		3E8E7B9620BD7DE90046033F /* Frameworks */ = {
			isa = PBXFrameworksBuildPhase;
			buildActionMask = 2147483647;
			files = (
			);
			runOnlyForDeploymentPostprocessing = 0;
		};
/* End PBXFrameworksBuildPhase section */

/* Begin PBXGroup section */
		3E08843C20C01F3700D8ED00 /* vc */ = {
			isa = PBXGroup;
			children = (
				3E8E7BAC20BD8E3B0046033F /* LNPhotoAlbumListViewController.h */,
				3E8E7BAD20BD8E3B0046033F /* LNPhotoAlbumListViewController.m */,
				3E08842020BF948F00D8ED00 /* LNPhotoListViewController.h */,
				3E08842120BF948F00D8ED00 /* LNPhotoListViewController.m */,
				3E08844020C01FD000D8ED00 /* LNSelectPhotosPreviewViewController.h */,
				3E08844120C01FD000D8ED00 /* LNSelectPhotosPreviewViewController.m */,
			);
			path = vc;
			sourceTree = "<group>";
		};
		3E08843D20C01F5000D8ED00 /* view */ = {
			isa = PBXGroup;
			children = (
				3E08842420BF957C00D8ED00 /* LNPhotoCollectionViewCell.h */,
				3E08842320BF957C00D8ED00 /* LNPhotoCollectionViewCell.m */,
			);
			path = view;
			sourceTree = "<group>";
		};
		3E08843E20C01F6600D8ED00 /* model */ = {
			isa = PBXGroup;
			children = (
				3E65848F20BE7645008D97B7 /* LNAlbumModel.h */,
				3E65849020BE7645008D97B7 /* LNAlbumModel.m */,
				3E08843220BFF6F900D8ED00 /* LNPhotoModel.h */,
				3E08843320BFF6F900D8ED00 /* LNPhotoModel.m */,
			);
			path = model;
			sourceTree = "<group>";
		};
		3E08843F20C01F7600D8ED00 /* helper */ = {
			isa = PBXGroup;
			children = (
				3E08842A20BFA0C000D8ED00 /* LNPhotoSelectManager.h */,
				3E08842B20BFA0C000D8ED00 /* LNPhotoSelectManager.m */,
				3E65848C20BE7579008D97B7 /* LNAlbumInfoManager.h */,
				3E65848D20BE7579008D97B7 /* LNAlbumInfoManager.m */,
				3E08842D20BFA34100D8ED00 /* LNPhotoManager.h */,
				3E08842E20BFA34100D8ED00 /* LNPhotoManager.m */,
				3E08843520BFF9F200D8ED00 /* LNSelectPhoto.h */,
			);
			path = helper;
			sourceTree = "<group>";
		};
		3E8E7B6D20BD7DE80046033F = {
			isa = PBXGroup;
			children = (
				3E8E7B7820BD7DE80046033F /* selectPhotos */,
				3E8E7B9120BD7DE90046033F /* selectPhotosTests */,
				3E8E7B9C20BD7DE90046033F /* selectPhotosUITests */,
				3E8E7B7720BD7DE80046033F /* Products */,
				5A85A85AEAC6E76F3B4A320C /* Pods */,
				6C3579502644C02ABD66A6E7 /* Frameworks */,
				3ECA0F5020BF8FDC005E473D /* selectPhotos copy-Info.plist */,
			);
			sourceTree = "<group>";
		};
		3E8E7B7720BD7DE80046033F /* Products */ = {
			isa = PBXGroup;
			children = (
				3E8E7B7620BD7DE80046033F /* selectPhotos.app */,
				3E8E7B8E20BD7DE90046033F /* selectPhotosTests.xctest */,
				3E8E7B9920BD7DE90046033F /* selectPhotosUITests.xctest */,
			);
			name = Products;
			sourceTree = "<group>";
		};
		3E8E7B7820BD7DE80046033F /* selectPhotos */ = {
			isa = PBXGroup;
			children = (
				3E8E7BAB20BD8D6E0046033F /* selectPhoto */,
				3E8E7B7920BD7DE80046033F /* AppDelegate.h */,
				3E8E7B7A20BD7DE80046033F /* AppDelegate.m */,
				3E8E7B7C20BD7DE80046033F /* ViewController.h */,
				3E8E7B7D20BD7DE80046033F /* ViewController.m */,
				3E8E7B7F20BD7DE80046033F /* Main.storyboard */,
				3E8E7B8220BD7DE80046033F /* Assets.xcassets */,
				3E8E7B8420BD7DE80046033F /* LaunchScreen.storyboard */,
				3E8E7B8720BD7DE80046033F /* Info.plist */,
				3E8E7B8820BD7DE80046033F /* main.m */,
				3E08843B20BFFCAD00D8ED00 /* LNSelectPhoto.pch */,
			);
			path = selectPhotos;
			sourceTree = "<group>";
		};
		3E8E7B9120BD7DE90046033F /* selectPhotosTests */ = {
			isa = PBXGroup;
			children = (
				3E8E7B9220BD7DE90046033F /* selectPhotosTests.m */,
				3E8E7B9420BD7DE90046033F /* Info.plist */,
			);
			path = selectPhotosTests;
			sourceTree = "<group>";
		};
		3E8E7B9C20BD7DE90046033F /* selectPhotosUITests */ = {
			isa = PBXGroup;
			children = (
				3E8E7B9D20BD7DE90046033F /* selectPhotosUITests.m */,
				3E8E7B9F20BD7DE90046033F /* Info.plist */,
			);
			path = selectPhotosUITests;
			sourceTree = "<group>";
		};
		3E8E7BAB20BD8D6E0046033F /* selectPhoto */ = {
			isa = PBXGroup;
			children = (
				3E08843F20C01F7600D8ED00 /* helper */,
				3E08843E20C01F6600D8ED00 /* model */,
				3E08843D20C01F5000D8ED00 /* view */,
				3E08843C20C01F3700D8ED00 /* vc */,
				3ECA0F3620BEA352005E473D /* source */,
			);
			path = selectPhoto;
			sourceTree = "<group>";
		};
		3ECA0F3620BEA352005E473D /* source */ = {
			isa = PBXGroup;
			children = (
				3ECA0F3920BEA4E9005E473D /* noimage.png */,
				3ECA0F3720BEA373005E473D /* ic_next@2x.png */,
				3E08842620BF95E900D8ED00 /* LN_ic_check@2x.png */,
				3E08843020BFE29C00D8ED00 /* LN_news_back@2x.png */,
				3E08842720BF95E900D8ED00 /* LN_ic_unchecked@2x.png */,
			);
			path = source;
			sourceTree = "<group>";
		};
		5A85A85AEAC6E76F3B4A320C /* Pods */ = {
			isa = PBXGroup;
			children = (
				0A40865B1B4F01916EDE948F /* Pods-selectPhotos.debug.xcconfig */,
				F15468A53650566CB8BAB8BC /* Pods-selectPhotos.release.xcconfig */,
			);
			name = Pods;
			sourceTree = "<group>";
		};
		6C3579502644C02ABD66A6E7 /* Frameworks */ = {
			isa = PBXGroup;
			children = (
				CA53B6FD29C9705BD0D80F20 /* libPods-selectPhotos.a */,
			);
			name = Frameworks;
			sourceTree = "<group>";
		};
/* End PBXGroup section */

/* Begin PBXNativeTarget section */
		3E8E7B7520BD7DE80046033F /* selectPhotos */ = {
			isa = PBXNativeTarget;
			buildConfigurationList = 3E8E7BA220BD7DE90046033F /* Build configuration list for PBXNativeTarget "selectPhotos" */;
			buildPhases = (
				792EA051FB3A702D538E3AD9 /* [CP] Check Pods Manifest.lock */,
				3E8E7B7220BD7DE80046033F /* Sources */,
				3E8E7B7320BD7DE80046033F /* Frameworks */,
				3E8E7B7420BD7DE80046033F /* Resources */,
			);
			buildRules = (
			);
			dependencies = (
			);
			name = selectPhotos;
			productName = selectPhotos;
			productReference = 3E8E7B7620BD7DE80046033F /* selectPhotos.app */;
			productType = "com.apple.product-type.application";
		};
		3E8E7B8D20BD7DE90046033F /* selectPhotosTests */ = {
			isa = PBXNativeTarget;
			buildConfigurationList = 3E8E7BA520BD7DE90046033F /* Build configuration list for PBXNativeTarget "selectPhotosTests" */;
			buildPhases = (
				3E8E7B8A20BD7DE90046033F /* Sources */,
				3E8E7B8B20BD7DE90046033F /* Frameworks */,
				3E8E7B8C20BD7DE90046033F /* Resources */,
			);
			buildRules = (
			);
			dependencies = (
				3E8E7B9020BD7DE90046033F /* PBXTargetDependency */,
			);
			name = selectPhotosTests;
			productName = selectPhotosTests;
			productReference = 3E8E7B8E20BD7DE90046033F /* selectPhotosTests.xctest */;
			productType = "com.apple.product-type.bundle.unit-test";
		};
		3E8E7B9820BD7DE90046033F /* selectPhotosUITests */ = {
			isa = PBXNativeTarget;
			buildConfigurationList = 3E8E7BA820BD7DE90046033F /* Build configuration list for PBXNativeTarget "selectPhotosUITests" */;
			buildPhases = (
				3E8E7B9520BD7DE90046033F /* Sources */,
				3E8E7B9620BD7DE90046033F /* Frameworks */,
				3E8E7B9720BD7DE90046033F /* Resources */,
			);
			buildRules = (
			);
			dependencies = (
				3E8E7B9B20BD7DE90046033F /* PBXTargetDependency */,
			);
			name = selectPhotosUITests;
			productName = selectPhotosUITests;
			productReference = 3E8E7B9920BD7DE90046033F /* selectPhotosUITests.xctest */;
			productType = "com.apple.product-type.bundle.ui-testing";
		};
/* End PBXNativeTarget section */

/* Begin PBXProject section */
		3E8E7B6E20BD7DE80046033F /* Project object */ = {
			isa = PBXProject;
			attributes = {
				LastUpgradeCheck = 0920;
				ORGANIZATIONNAME = Lina;
				TargetAttributes = {
					3E8E7B7520BD7DE80046033F = {
						CreatedOnToolsVersion = 9.2;
						ProvisioningStyle = Manual;
					};
					3E8E7B8D20BD7DE90046033F = {
						CreatedOnToolsVersion = 9.2;
						ProvisioningStyle = Automatic;
						TestTargetID = 3E8E7B7520BD7DE80046033F;
					};
					3E8E7B9820BD7DE90046033F = {
						CreatedOnToolsVersion = 9.2;
						ProvisioningStyle = Automatic;
						TestTargetID = 3E8E7B7520BD7DE80046033F;
					};
				};
			};
			buildConfigurationList = 3E8E7B7120BD7DE80046033F /* Build configuration list for PBXProject "selectPhotos" */;
			compatibilityVersion = "Xcode 8.0";
			developmentRegion = en;
			hasScannedForEncodings = 0;
			knownRegions = (
				en,
				Base,
			);
			mainGroup = 3E8E7B6D20BD7DE80046033F;
			productRefGroup = 3E8E7B7720BD7DE80046033F /* Products */;
			projectDirPath = "";
			projectRoot = "";
			targets = (
				3E8E7B8D20BD7DE90046033F /* selectPhotosTests */,
				3E8E7B7520BD7DE80046033F /* selectPhotos */,
				3E8E7B9820BD7DE90046033F /* selectPhotosUITests */,
			);
		};
/* End PBXProject section */

/* Begin PBXResourcesBuildPhase section */
		3E8E7B7420BD7DE80046033F /* Resources */ = {
			isa = PBXResourcesBuildPhase;
			buildActionMask = 2147483647;
			files = (
				3ECA0F3A20BEA4E9005E473D /* noimage.png in Resources */,
				3E8E7B8620BD7DE80046033F /* LaunchScreen.storyboard in Resources */,
				3E08842920BF95E900D8ED00 /* LN_ic_unchecked@2x.png in Resources */,
				3ECA0F3820BEA373005E473D /* ic_next@2x.png in Resources */,
				3E8E7B8320BD7DE80046033F /* Assets.xcassets in Resources */,
				3E8E7B8120BD7DE80046033F /* Main.storyboard in Resources */,
				3E08843120BFE29C00D8ED00 /* LN_news_back@2x.png in Resources */,
				3E08842820BF95E900D8ED00 /* LN_ic_check@2x.png in Resources */,
			);
			runOnlyForDeploymentPostprocessing = 0;
		};
		3E8E7B8C20BD7DE90046033F /* Resources */ = {
			isa = PBXResourcesBuildPhase;
			buildActionMask = 2147483647;
			files = (
			);
			runOnlyForDeploymentPostprocessing = 0;
		};
		3E8E7B9720BD7DE90046033F /* Resources */ = {
			isa = PBXResourcesBuildPhase;
			buildActionMask = 2147483647;
			files = (
			);
			runOnlyForDeploymentPostprocessing = 0;
		};
/* End PBXResourcesBuildPhase section */

/* Begin PBXShellScriptBuildPhase section */
		792EA051FB3A702D538E3AD9 /* [CP] Check Pods Manifest.lock */ = {
			isa = PBXShellScriptBuildPhase;
			buildActionMask = 2147483647;
			files = (
			);
			inputPaths = (
				"${PODS_PODFILE_DIR_PATH}/Podfile.lock",
				"${PODS_ROOT}/Manifest.lock",
			);
			name = "[CP] Check Pods Manifest.lock";
			outputPaths = (
				"$(DERIVED_FILE_DIR)/Pods-selectPhotos-checkManifestLockResult.txt",
			);
			runOnlyForDeploymentPostprocessing = 0;
			shellPath = /bin/sh;
			shellScript = "diff \"${PODS_PODFILE_DIR_PATH}/Podfile.lock\" \"${PODS_ROOT}/Manifest.lock\" > /dev/null\nif [ $? != 0 ] ; then\n    # print error to STDERR\n    echo \"error: The sandbox is not in sync with the Podfile.lock. Run 'pod install' or update your CocoaPods installation.\" >&2\n    exit 1\nfi\n# This output is used by Xcode 'outputs' to avoid re-running this script phase.\necho \"SUCCESS\" > \"${SCRIPT_OUTPUT_FILE_0}\"\n";
			showEnvVarsInLog = 0;
		};
/* End PBXShellScriptBuildPhase section */

/* Begin PBXSourcesBuildPhase section */
		3E8E7B7220BD7DE80046033F /* Sources */ = {
			isa = PBXSourcesBuildPhase;
			buildActionMask = 2147483647;
			files = (
				3E08842220BF948F00D8ED00 /* LNPhotoListViewController.m in Sources */,
				3E8E7B7E20BD7DE80046033F /* ViewController.m in Sources */,
				3E8E7B8920BD7DE80046033F /* main.m in Sources */,
				3E65848E20BE7579008D97B7 /* LNAlbumInfoManager.m in Sources */,
				3E8E7B7B20BD7DE80046033F /* AppDelegate.m in Sources */,
				3E08842520BF957C00D8ED00 /* LNPhotoCollectionViewCell.m in Sources */,
				3E08842F20BFA34100D8ED00 /* LNPhotoManager.m in Sources */,
				3E08842C20BFA0C000D8ED00 /* LNPhotoSelectManager.m in Sources */,
				3E08844220C01FD000D8ED00 /* LNSelectPhotosPreviewViewController.m in Sources */,
				3E08843420BFF6F900D8ED00 /* LNPhotoModel.m in Sources */,
				3E8E7BAE20BD8E3B0046033F /* LNPhotoAlbumListViewController.m in Sources */,
				3E65849120BE7645008D97B7 /* LNAlbumModel.m in Sources */,
			);
			runOnlyForDeploymentPostprocessing = 0;
		};
		3E8E7B8A20BD7DE90046033F /* Sources */ = {
			isa = PBXSourcesBuildPhase;
			buildActionMask = 2147483647;
			files = (
				3E8E7B9320BD7DE90046033F /* selectPhotosTests.m in Sources */,
			);
			runOnlyForDeploymentPostprocessing = 0;
		};
		3E8E7B9520BD7DE90046033F /* Sources */ = {
			isa = PBXSourcesBuildPhase;
			buildActionMask = 2147483647;
			files = (
				3E8E7B9E20BD7DE90046033F /* selectPhotosUITests.m in Sources */,
			);
			runOnlyForDeploymentPostprocessing = 0;
		};
/* End PBXSourcesBuildPhase section */

/* Begin PBXTargetDependency section */
		3E8E7B9020BD7DE90046033F /* PBXTargetDependency */ = {
			isa = PBXTargetDependency;
			target = 3E8E7B7520BD7DE80046033F /* selectPhotos */;
			targetProxy = 3E8E7B8F20BD7DE90046033F /* PBXContainerItemProxy */;
		};
		3E8E7B9B20BD7DE90046033F /* PBXTargetDependency */ = {
			isa = PBXTargetDependency;
			target = 3E8E7B7520BD7DE80046033F /* selectPhotos */;
			targetProxy = 3E8E7B9A20BD7DE90046033F /* PBXContainerItemProxy */;
		};
/* End PBXTargetDependency section */

/* Begin PBXVariantGroup section */
		3E8E7B7F20BD7DE80046033F /* Main.storyboard */ = {
			isa = PBXVariantGroup;
			children = (
				3E8E7B8020BD7DE80046033F /* Base */,
			);
			name = Main.storyboard;
			sourceTree = "<group>";
		};
		3E8E7B8420BD7DE80046033F /* LaunchScreen.storyboard */ = {
			isa = PBXVariantGroup;
			children = (
				3E8E7B8520BD7DE80046033F /* Base */,
			);
			name = LaunchScreen.storyboard;
			sourceTree = "<group>";
		};
/* End PBXVariantGroup section */

/* Begin XCBuildConfiguration section */
		3E8E7BA020BD7DE90046033F /* Debug */ = {
			isa = XCBuildConfiguration;
			buildSettings = {
				ALWAYS_SEARCH_USER_PATHS = NO;
				CLANG_ANALYZER_NONNULL = YES;
				CLANG_ANALYZER_NUMBER_OBJECT_CONVERSION = YES_AGGRESSIVE;
				CLANG_CXX_LANGUAGE_STANDARD = "gnu++14";
				CLANG_CXX_LIBRARY = "libc++";
				CLANG_ENABLE_MODULES = YES;
				CLANG_ENABLE_OBJC_ARC = YES;
				CLANG_WARN_BLOCK_CAPTURE_AUTORELEASING = YES;
				CLANG_WARN_BOOL_CONVERSION = YES;
				CLANG_WARN_COMMA = YES;
				CLANG_WARN_CONSTANT_CONVERSION = YES;
				CLANG_WARN_DIRECT_OBJC_ISA_USAGE = YES_ERROR;
				CLANG_WARN_DOCUMENTATION_COMMENTS = YES;
				CLANG_WARN_EMPTY_BODY = YES;
				CLANG_WARN_ENUM_CONVERSION = YES;
				CLANG_WARN_INFINITE_RECURSION = YES;
				CLANG_WARN_INT_CONVERSION = YES;
				CLANG_WARN_NON_LITERAL_NULL_CONVERSION = YES;
				CLANG_WARN_OBJC_LITERAL_CONVERSION = YES;
				CLANG_WARN_OBJC_ROOT_CLASS = YES_ERROR;
				CLANG_WARN_RANGE_LOOP_ANALYSIS = YES;
				CLANG_WARN_STRICT_PROTOTYPES = YES;
				CLANG_WARN_SUSPICIOUS_MOVE = YES;
				CLANG_WARN_UNGUARDED_AVAILABILITY = YES_AGGRESSIVE;
				CLANG_WARN_UNREACHABLE_CODE = YES;
				CLANG_WARN__DUPLICATE_METHOD_MATCH = YES;
				CODE_SIGN_IDENTITY = "iPhone Developer";
				COPY_PHASE_STRIP = NO;
				DEBUG_INFORMATION_FORMAT = dwarf;
				ENABLE_STRICT_OBJC_MSGSEND = YES;
				ENABLE_TESTABILITY = YES;
				GCC_C_LANGUAGE_STANDARD = gnu11;
				GCC_DYNAMIC_NO_PIC = NO;
				GCC_NO_COMMON_BLOCKS = YES;
				GCC_OPTIMIZATION_LEVEL = 0;
				GCC_PREPROCESSOR_DEFINITIONS = (
					"DEBUG=1",
					"$(inherited)",
				);
				GCC_WARN_64_TO_32_BIT_CONVERSION = YES;
				GCC_WARN_ABOUT_RETURN_TYPE = YES_ERROR;
				GCC_WARN_UNDECLARED_SELECTOR = YES;
				GCC_WARN_UNINITIALIZED_AUTOS = YES_AGGRESSIVE;
				GCC_WARN_UNUSED_FUNCTION = YES;
				GCC_WARN_UNUSED_VARIABLE = YES;
				IPHONEOS_DEPLOYMENT_TARGET = 11.2;
				MTL_ENABLE_DEBUG_INFO = YES;
				ONLY_ACTIVE_ARCH = YES;
				SDKROOT = iphoneos;
			};
			name = Debug;
		};
		3E8E7BA120BD7DE90046033F /* Release */ = {
			isa = XCBuildConfiguration;
			buildSettings = {
				ALWAYS_SEARCH_USER_PATHS = NO;
				CLANG_ANALYZER_NONNULL = YES;
				CLANG_ANALYZER_NUMBER_OBJECT_CONVERSION = YES_AGGRESSIVE;
				CLANG_CXX_LANGUAGE_STANDARD = "gnu++14";
				CLANG_CXX_LIBRARY = "libc++";
				CLANG_ENABLE_MODULES = YES;
				CLANG_ENABLE_OBJC_ARC = YES;
				CLANG_WARN_BLOCK_CAPTURE_AUTORELEASING = YES;
				CLANG_WARN_BOOL_CONVERSION = YES;
				CLANG_WARN_COMMA = YES;
				CLANG_WARN_CONSTANT_CONVERSION = YES;
				CLANG_WARN_DIRECT_OBJC_ISA_USAGE = YES_ERROR;
				CLANG_WARN_DOCUMENTATION_COMMENTS = YES;
				CLANG_WARN_EMPTY_BODY = YES;
				CLANG_WARN_ENUM_CONVERSION = YES;
				CLANG_WARN_INFINITE_RECURSION = YES;
				CLANG_WARN_INT_CONVERSION = YES;
				CLANG_WARN_NON_LITERAL_NULL_CONVERSION = YES;
				CLANG_WARN_OBJC_LITERAL_CONVERSION = YES;
				CLANG_WARN_OBJC_ROOT_CLASS = YES_ERROR;
				CLANG_WARN_RANGE_LOOP_ANALYSIS = YES;
				CLANG_WARN_STRICT_PROTOTYPES = YES;
				CLANG_WARN_SUSPICIOUS_MOVE = YES;
				CLANG_WARN_UNGUARDED_AVAILABILITY = YES_AGGRESSIVE;
				CLANG_WARN_UNREACHABLE_CODE = YES;
				CLANG_WARN__DUPLICATE_METHOD_MATCH = YES;
				CODE_SIGN_IDENTITY = "iPhone Developer";
				COPY_PHASE_STRIP = NO;
				DEBUG_INFORMATION_FORMAT = "dwarf-with-dsym";
				ENABLE_NS_ASSERTIONS = NO;
				ENABLE_STRICT_OBJC_MSGSEND = YES;
				GCC_C_LANGUAGE_STANDARD = gnu11;
				GCC_NO_COMMON_BLOCKS = YES;
				GCC_WARN_64_TO_32_BIT_CONVERSION = YES;
				GCC_WARN_ABOUT_RETURN_TYPE = YES_ERROR;
				GCC_WARN_UNDECLARED_SELECTOR = YES;
				GCC_WARN_UNINITIALIZED_AUTOS = YES_AGGRESSIVE;
				GCC_WARN_UNUSED_FUNCTION = YES;
				GCC_WARN_UNUSED_VARIABLE = YES;
				IPHONEOS_DEPLOYMENT_TARGET = 11.2;
				MTL_ENABLE_DEBUG_INFO = NO;
				SDKROOT = iphoneos;
				VALIDATE_PRODUCT = YES;
			};
			name = Release;
		};
		3E8E7BA320BD7DE90046033F /* Debug */ = {
			isa = XCBuildConfiguration;
			baseConfigurationReference = 0A40865B1B4F01916EDE948F /* Pods-selectPhotos.debug.xcconfig */;
			buildSettings = {
				ASSETCATALOG_COMPILER_APPICON_NAME = AppIcon;
				CODE_SIGN_IDENTITY = "iPhone Developer: pengde he (898FFFG6F2)";
				CODE_SIGN_STYLE = Manual;
				DEVELOPMENT_TEAM = 5EMFG9Z439;
				GCC_PRECOMPILE_PREFIX_HEADER = YES;
				GCC_PREFIX_HEADER = selectPhotos/LNSelectPhoto.pch;
				INFOPLIST_FILE = selectPhotos/Info.plist;
				LD_RUNPATH_SEARCH_PATHS = "$(inherited) @executable_path/Frameworks";
				PRODUCT_BUNDLE_IDENTIFIER = com.baijiahulian.student;
				PRODUCT_NAME = "$(TARGET_NAME)";
				PROVISIONING_PROFILE = "01e0909f-29ba-4dc5-b5a0-27dc3967b401";
				PROVISIONING_PROFILE_SPECIFIER = student_development;
				TARGETED_DEVICE_FAMILY = "1,2";
			};
			name = Debug;
		};
		3E8E7BA420BD7DE90046033F /* Release */ = {
			isa = XCBuildConfiguration;
			baseConfigurationReference = F15468A53650566CB8BAB8BC /* Pods-selectPhotos.release.xcconfig */;
			buildSettings = {
				ASSETCATALOG_COMPILER_APPICON_NAME = AppIcon;
				CODE_SIGN_IDENTITY = "iPhone Developer: pengde he (898FFFG6F2)";
				CODE_SIGN_STYLE = Manual;
				DEVELOPMENT_TEAM = "";
				GCC_PRECOMPILE_PREFIX_HEADER = YES;
				GCC_PREFIX_HEADER = selectPhotos/LNSelectPhoto.pch;
				INFOPLIST_FILE = selectPhotos/Info.plist;
				LD_RUNPATH_SEARCH_PATHS = "$(inherited) @executable_path/Frameworks";
				PRODUCT_BUNDLE_IDENTIFIER = com.baijiahulian.student;
				PRODUCT_NAME = "$(TARGET_NAME)";
				PROVISIONING_PROFILE = "";
				PROVISIONING_PROFILE_SPECIFIER = "";
				TARGETED_DEVICE_FAMILY = "1,2";
			};
			name = Release;
		};
		3E8E7BA620BD7DE90046033F /* Debug */ = {
			isa = XCBuildConfiguration;
			buildSettings = {
				BUNDLE_LOADER = "$(TEST_HOST)";
				CODE_SIGN_STYLE = Automatic;
				INFOPLIST_FILE = selectPhotosTests/Info.plist;
				LD_RUNPATH_SEARCH_PATHS = "$(inherited) @executable_path/Frameworks @loader_path/Frameworks";
				PRODUCT_BUNDLE_IDENTIFIER = zhanglina.selectPhotosTests;
				PRODUCT_NAME = "$(TARGET_NAME)";
				TARGETED_DEVICE_FAMILY = "1,2";
				TEST_HOST = "$(BUILT_PRODUCTS_DIR)/selectPhotos.app/selectPhotos";
			};
			name = Debug;
		};
		3E8E7BA720BD7DE90046033F /* Release */ = {
			isa = XCBuildConfiguration;
			buildSettings = {
				BUNDLE_LOADER = "$(TEST_HOST)";
				CODE_SIGN_STYLE = Automatic;
				INFOPLIST_FILE = selectPhotosTests/Info.plist;
				LD_RUNPATH_SEARCH_PATHS = "$(inherited) @executable_path/Frameworks @loader_path/Frameworks";
				PRODUCT_BUNDLE_IDENTIFIER = zhanglina.selectPhotosTests;
				PRODUCT_NAME = "$(TARGET_NAME)";
				TARGETED_DEVICE_FAMILY = "1,2";
				TEST_HOST = "$(BUILT_PRODUCTS_DIR)/selectPhotos.app/selectPhotos";
			};
			name = Release;
		};
		3E8E7BA920BD7DE90046033F /* Debug */ = {
			isa = XCBuildConfiguration;
			buildSettings = {
				CODE_SIGN_STYLE = Automatic;
				INFOPLIST_FILE = selectPhotosUITests/Info.plist;
				LD_RUNPATH_SEARCH_PATHS = "$(inherited) @executable_path/Frameworks @loader_path/Frameworks";
				PRODUCT_BUNDLE_IDENTIFIER = zhanglina.selectPhotosUITests;
				PRODUCT_NAME = "$(TARGET_NAME)";
				TARGETED_DEVICE_FAMILY = "1,2";
				TEST_TARGET_NAME = selectPhotos;
			};
			name = Debug;
		};
		3E8E7BAA20BD7DE90046033F /* Release */ = {
			isa = XCBuildConfiguration;
			buildSettings = {
				CODE_SIGN_STYLE = Automatic;
				INFOPLIST_FILE = selectPhotosUITests/Info.plist;
				LD_RUNPATH_SEARCH_PATHS = "$(inherited) @executable_path/Frameworks @loader_path/Frameworks";
				PRODUCT_BUNDLE_IDENTIFIER = zhanglina.selectPhotosUITests;
				PRODUCT_NAME = "$(TARGET_NAME)";
				TARGETED_DEVICE_FAMILY = "1,2";
				TEST_TARGET_NAME = selectPhotos;
			};
			name = Release;
		};
/* End XCBuildConfiguration section */

/* Begin XCConfigurationList section */
		3E8E7B7120BD7DE80046033F /* Build configuration list for PBXProject "selectPhotos" */ = {
			isa = XCConfigurationList;
			buildConfigurations = (
				3E8E7BA020BD7DE90046033F /* Debug */,
				3E8E7BA120BD7DE90046033F /* Release */,
			);
			defaultConfigurationIsVisible = 0;
			defaultConfigurationName = Release;
		};
		3E8E7BA220BD7DE90046033F /* Build configuration list for PBXNativeTarget "selectPhotos" */ = {
			isa = XCConfigurationList;
			buildConfigurations = (
				3E8E7BA320BD7DE90046033F /* Debug */,
				3E8E7BA420BD7DE90046033F /* Release */,
			);
			defaultConfigurationIsVisible = 0;
			defaultConfigurationName = Release;
		};
		3E8E7BA520BD7DE90046033F /* Build configuration list for PBXNativeTarget "selectPhotosTests" */ = {
			isa = XCConfigurationList;
			buildConfigurations = (
				3E8E7BA620BD7DE90046033F /* Debug */,
				3E8E7BA720BD7DE90046033F /* Release */,
			);
			defaultConfigurationIsVisible = 0;
			defaultConfigurationName = Release;
		};
		3E8E7BA820BD7DE90046033F /* Build configuration list for PBXNativeTarget "selectPhotosUITests" */ = {
			isa = XCConfigurationList;
			buildConfigurations = (
				3E8E7BA920BD7DE90046033F /* Debug */,
				3E8E7BAA20BD7DE90046033F /* Release */,
			);
			defaultConfigurationIsVisible = 0;
			defaultConfigurationName = Release;
		};
/* End XCConfigurationList section */
	};
	rootObject = 3E8E7B6E20BD7DE80046033F /* Project object */;
}
