// !$*UTF8*$!
{
	archiveVersion = 1;
	classes = {
	};
	objectVersion = 46;
	objects = {

/* Begin PBXBuildFile section */
		CB868F481E4F13A5007A9B3C /* main.m in Sources */ = {isa = PBXBuildFile; fileRef = CB868F471E4F13A5007A9B3C /* main.m */; };
		CB868F4B1E4F13A5007A9B3C /* AppDelegate.m in Sources */ = {isa = PBXBuildFile; fileRef = CB868F4A1E4F13A5007A9B3C /* AppDelegate.m */; };
		CB868F4E1E4F13A5007A9B3C /* ViewController.m in Sources */ = {isa = PBXBuildFile; fileRef = CB868F4D1E4F13A5007A9B3C /* ViewController.m */; };
		CB868F511E4F13A5007A9B3C /* Main.storyboard in Resources */ = {isa = PBXBuildFile; fileRef = CB868F4F1E4F13A5007A9B3C /* Main.storyboard */; };
		CB868F531E4F13A5007A9B3C /* Assets.xcassets in Resources */ = {isa = PBXBuildFile; fileRef = CB868F521E4F13A5007A9B3C /* Assets.xcassets */; };
		CB868F561E4F13A5007A9B3C /* LaunchScreen.storyboard in Resources */ = {isa = PBXBuildFile; fileRef = CB868F541E4F13A5007A9B3C /* LaunchScreen.storyboard */; };
		CB868F611E4F13A5007A9B3C /* photoKitDemoTests.m in Sources */ = {isa = PBXBuildFile; fileRef = CB868F601E4F13A5007A9B3C /* photoKitDemoTests.m */; };
		CB868F6C1E4F13A5007A9B3C /* photoKitDemoUITests.m in Sources */ = {isa = PBXBuildFile; fileRef = CB868F6B1E4F13A5007A9B3C /* photoKitDemoUITests.m */; };
		CB868F841E4F13ED007A9B3C /* bigImageCollectionViewCell.m in Sources */ = {isa = PBXBuildFile; fileRef = CB868F7B1E4F13ED007A9B3C /* bigImageCollectionViewCell.m */; };
		CB868F851E4F13ED007A9B3C /* myPhotoCollectionViewCell.m in Sources */ = {isa = PBXBuildFile; fileRef = CB868F7D1E4F13ED007A9B3C /* myPhotoCollectionViewCell.m */; };
		CB868F861E4F13ED007A9B3C /* photoDetiViewController.m in Sources */ = {isa = PBXBuildFile; fileRef = CB868F7F1E4F13ED007A9B3C /* photoDetiViewController.m */; };
		CB868F871E4F13ED007A9B3C /* PhotoScrViewController.m in Sources */ = {isa = PBXBuildFile; fileRef = CB868F811E4F13ED007A9B3C /* PhotoScrViewController.m */; };
		CB868F881E4F13ED007A9B3C /* PhotosViewController.m in Sources */ = {isa = PBXBuildFile; fileRef = CB868F831E4F13ED007A9B3C /* PhotosViewController.m */; };
/* End PBXBuildFile section */

/* Begin PBXContainerItemProxy section */
		CB868F5D1E4F13A5007A9B3C /* PBXContainerItemProxy */ = {
			isa = PBXContainerItemProxy;
			containerPortal = CB868F3B1E4F13A5007A9B3C /* Project object */;
			proxyType = 1;
			remoteGlobalIDString = CB868F421E4F13A5007A9B3C;
			remoteInfo = photoKitDemo;
		};
		CB868F681E4F13A5007A9B3C /* PBXContainerItemProxy */ = {
			isa = PBXContainerItemProxy;
			containerPortal = CB868F3B1E4F13A5007A9B3C /* Project object */;
			proxyType = 1;
			remoteGlobalIDString = CB868F421E4F13A5007A9B3C;
			remoteInfo = photoKitDemo;
		};
/* End PBXContainerItemProxy section */

/* Begin PBXFileReference section */
		CB868F431E4F13A5007A9B3C /* photoKitDemo.app */ = {isa = PBXFileReference; explicitFileType = wrapper.application; includeInIndex = 0; path = photoKitDemo.app; sourceTree = BUILT_PRODUCTS_DIR; };
		CB868F471E4F13A5007A9B3C /* main.m */ = {isa = PBXFileReference; lastKnownFileType = sourcecode.c.objc; path = main.m; sourceTree = "<group>"; };
		CB868F491E4F13A5007A9B3C /* AppDelegate.h */ = {isa = PBXFileReference; lastKnownFileType = sourcecode.c.h; path = AppDelegate.h; sourceTree = "<group>"; };
		CB868F4A1E4F13A5007A9B3C /* AppDelegate.m */ = {isa = PBXFileReference; lastKnownFileType = sourcecode.c.objc; path = AppDelegate.m; sourceTree = "<group>"; };
		CB868F4C1E4F13A5007A9B3C /* ViewController.h */ = {isa = PBXFileReference; lastKnownFileType = sourcecode.c.h; path = ViewController.h; sourceTree = "<group>"; };
		CB868F4D1E4F13A5007A9B3C /* ViewController.m */ = {isa = PBXFileReference; lastKnownFileType = sourcecode.c.objc; path = ViewController.m; sourceTree = "<group>"; };
		CB868F501E4F13A5007A9B3C /* Base */ = {isa = PBXFileReference; lastKnownFileType = file.storyboard; name = Base; path = Base.lproj/Main.storyboard; sourceTree = "<group>"; };
		CB868F521E4F13A5007A9B3C /* Assets.xcassets */ = {isa = PBXFileReference; lastKnownFileType = folder.assetcatalog; path = Assets.xcassets; sourceTree = "<group>"; };
		CB868F551E4F13A5007A9B3C /* Base */ = {isa = PBXFileReference; lastKnownFileType = file.storyboard; name = Base; path = Base.lproj/LaunchScreen.storyboard; sourceTree = "<group>"; };
		CB868F571E4F13A5007A9B3C /* Info.plist */ = {isa = PBXFileReference; lastKnownFileType = text.plist.xml; path = Info.plist; sourceTree = "<group>"; };
		CB868F5C1E4F13A5007A9B3C /* photoKitDemoTests.xctest */ = {isa = PBXFileReference; explicitFileType = wrapper.cfbundle; includeInIndex = 0; path = photoKitDemoTests.xctest; sourceTree = BUILT_PRODUCTS_DIR; };
		CB868F601E4F13A5007A9B3C /* photoKitDemoTests.m */ = {isa = PBXFileReference; lastKnownFileType = sourcecode.c.objc; path = photoKitDemoTests.m; sourceTree = "<group>"; };
		CB868F621E4F13A5007A9B3C /* Info.plist */ = {isa = PBXFileReference; lastKnownFileType = text.plist.xml; path = Info.plist; sourceTree = "<group>"; };
		CB868F671E4F13A5007A9B3C /* photoKitDemoUITests.xctest */ = {isa = PBXFileReference; explicitFileType = wrapper.cfbundle; includeInIndex = 0; path = photoKitDemoUITests.xctest; sourceTree = BUILT_PRODUCTS_DIR; };
		CB868F6B1E4F13A5007A9B3C /* photoKitDemoUITests.m */ = {isa = PBXFileReference; lastKnownFileType = sourcecode.c.objc; path = photoKitDemoUITests.m; sourceTree = "<group>"; };
		CB868F6D1E4F13A5007A9B3C /* Info.plist */ = {isa = PBXFileReference; lastKnownFileType = text.plist.xml; path = Info.plist; sourceTree = "<group>"; };
		CB868F7A1E4F13ED007A9B3C /* bigImageCollectionViewCell.h */ = {isa = PBXFileReference; fileEncoding = 4; lastKnownFileType = sourcecode.c.h; path = bigImageCollectionViewCell.h; sourceTree = "<group>"; };
		CB868F7B1E4F13ED007A9B3C /* bigImageCollectionViewCell.m */ = {isa = PBXFileReference; fileEncoding = 4; lastKnownFileType = sourcecode.c.objc; path = bigImageCollectionViewCell.m; sourceTree = "<group>"; };
		CB868F7C1E4F13ED007A9B3C /* myPhotoCollectionViewCell.h */ = {isa = PBXFileReference; fileEncoding = 4; lastKnownFileType = sourcecode.c.h; path = myPhotoCollectionViewCell.h; sourceTree = "<group>"; };
		CB868F7D1E4F13ED007A9B3C /* myPhotoCollectionViewCell.m */ = {isa = PBXFileReference; fileEncoding = 4; lastKnownFileType = sourcecode.c.objc; path = myPhotoCollectionViewCell.m; sourceTree = "<group>"; };
		CB868F7E1E4F13ED007A9B3C /* photoDetiViewController.h */ = {isa = PBXFileReference; fileEncoding = 4; lastKnownFileType = sourcecode.c.h; path = photoDetiViewController.h; sourceTree = "<group>"; };
		CB868F7F1E4F13ED007A9B3C /* photoDetiViewController.m */ = {isa = PBXFileReference; fileEncoding = 4; lastKnownFileType = sourcecode.c.objc; path = photoDetiViewController.m; sourceTree = "<group>"; };
		CB868F801E4F13ED007A9B3C /* PhotoScrViewController.h */ = {isa = PBXFileReference; fileEncoding = 4; lastKnownFileType = sourcecode.c.h; path = PhotoScrViewController.h; sourceTree = "<group>"; };
		CB868F811E4F13ED007A9B3C /* PhotoScrViewController.m */ = {isa = PBXFileReference; fileEncoding = 4; lastKnownFileType = sourcecode.c.objc; path = PhotoScrViewController.m; sourceTree = "<group>"; };
		CB868F821E4F13ED007A9B3C /* PhotosViewController.h */ = {isa = PBXFileReference; fileEncoding = 4; lastKnownFileType = sourcecode.c.h; path = PhotosViewController.h; sourceTree = "<group>"; };
		CB868F831E4F13ED007A9B3C /* PhotosViewController.m */ = {isa = PBXFileReference; fileEncoding = 4; lastKnownFileType = sourcecode.c.objc; path = PhotosViewController.m; sourceTree = "<group>"; };
/* End PBXFileReference section */

/* Begin PBXFrameworksBuildPhase section */
		CB868F401E4F13A5007A9B3C /* Frameworks */ = {
			isa = PBXFrameworksBuildPhase;
			buildActionMask = 2147483647;
			files = (
			);
			runOnlyForDeploymentPostprocessing = 0;
		};
		CB868F591E4F13A5007A9B3C /* Frameworks */ = {
			isa = PBXFrameworksBuildPhase;
			buildActionMask = 2147483647;
			files = (
			);
			runOnlyForDeploymentPostprocessing = 0;
		};
		CB868F641E4F13A5007A9B3C /* Frameworks */ = {
			isa = PBXFrameworksBuildPhase;
			buildActionMask = 2147483647;
			files = (
			);
			runOnlyForDeploymentPostprocessing = 0;
		};
/* End PBXFrameworksBuildPhase section */

/* Begin PBXGroup section */
		CB868F3A1E4F13A5007A9B3C = {
			isa = PBXGroup;
			children = (
				CB868F451E4F13A5007A9B3C /* photoKitDemo */,
				CB868F5F1E4F13A5007A9B3C /* photoKitDemoTests */,
				CB868F6A1E4F13A5007A9B3C /* photoKitDemoUITests */,
				CB868F441E4F13A5007A9B3C /* Products */,
			);
			sourceTree = "<group>";
		};
		CB868F441E4F13A5007A9B3C /* Products */ = {
			isa = PBXGroup;
			children = (
				CB868F431E4F13A5007A9B3C /* photoKitDemo.app */,
				CB868F5C1E4F13A5007A9B3C /* photoKitDemoTests.xctest */,
				CB868F671E4F13A5007A9B3C /* photoKitDemoUITests.xctest */,
			);
			name = Products;
			sourceTree = "<group>";
		};
		CB868F451E4F13A5007A9B3C /* photoKitDemo */ = {
			isa = PBXGroup;
			children = (
				CB868F791E4F13D4007A9B3C /* photoKit */,
				CB868F491E4F13A5007A9B3C /* AppDelegate.h */,
				CB868F4A1E4F13A5007A9B3C /* AppDelegate.m */,
				CB868F4C1E4F13A5007A9B3C /* ViewController.h */,
				CB868F4D1E4F13A5007A9B3C /* ViewController.m */,
				CB868F4F1E4F13A5007A9B3C /* Main.storyboard */,
				CB868F521E4F13A5007A9B3C /* Assets.xcassets */,
				CB868F541E4F13A5007A9B3C /* LaunchScreen.storyboard */,
				CB868F571E4F13A5007A9B3C /* Info.plist */,
				CB868F461E4F13A5007A9B3C /* Supporting Files */,
			);
			path = photoKitDemo;
			sourceTree = "<group>";
		};
		CB868F461E4F13A5007A9B3C /* Supporting Files */ = {
			isa = PBXGroup;
			children = (
				CB868F471E4F13A5007A9B3C /* main.m */,
			);
			name = "Supporting Files";
			sourceTree = "<group>";
		};
		CB868F5F1E4F13A5007A9B3C /* photoKitDemoTests */ = {
			isa = PBXGroup;
			children = (
				CB868F601E4F13A5007A9B3C /* photoKitDemoTests.m */,
				CB868F621E4F13A5007A9B3C /* Info.plist */,
			);
			path = photoKitDemoTests;
			sourceTree = "<group>";
		};
		CB868F6A1E4F13A5007A9B3C /* photoKitDemoUITests */ = {
			isa = PBXGroup;
			children = (
				CB868F6B1E4F13A5007A9B3C /* photoKitDemoUITests.m */,
				CB868F6D1E4F13A5007A9B3C /* Info.plist */,
			);
			path = photoKitDemoUITests;
			sourceTree = "<group>";
		};
		CB868F791E4F13D4007A9B3C /* photoKit */ = {
			isa = PBXGroup;
			children = (
				CB868F8A1E4F13FD007A9B3C /* controller */,
				CB868F891E4F13F4007A9B3C /* view */,
			);
			name = photoKit;
			sourceTree = "<group>";
		};
		CB868F891E4F13F4007A9B3C /* view */ = {
			isa = PBXGroup;
			children = (
				CB868F7A1E4F13ED007A9B3C /* bigImageCollectionViewCell.h */,
				CB868F7B1E4F13ED007A9B3C /* bigImageCollectionViewCell.m */,
				CB868F7C1E4F13ED007A9B3C /* myPhotoCollectionViewCell.h */,
				CB868F7D1E4F13ED007A9B3C /* myPhotoCollectionViewCell.m */,
			);
			name = view;
			sourceTree = "<group>";
		};
		CB868F8A1E4F13FD007A9B3C /* controller */ = {
			isa = PBXGroup;
			children = (
				CB868F7E1E4F13ED007A9B3C /* photoDetiViewController.h */,
				CB868F7F1E4F13ED007A9B3C /* photoDetiViewController.m */,
				CB868F801E4F13ED007A9B3C /* PhotoScrViewController.h */,
				CB868F811E4F13ED007A9B3C /* PhotoScrViewController.m */,
				CB868F821E4F13ED007A9B3C /* PhotosViewController.h */,
				CB868F831E4F13ED007A9B3C /* PhotosViewController.m */,
			);
			name = controller;
			sourceTree = "<group>";
		};
/* End PBXGroup section */

/* Begin PBXNativeTarget section */
		CB868F421E4F13A5007A9B3C /* photoKitDemo */ = {
			isa = PBXNativeTarget;
			buildConfigurationList = CB868F701E4F13A5007A9B3C /* Build configuration list for PBXNativeTarget "photoKitDemo" */;
			buildPhases = (
				CB868F3F1E4F13A5007A9B3C /* Sources */,
				CB868F401E4F13A5007A9B3C /* Frameworks */,
				CB868F411E4F13A5007A9B3C /* Resources */,
			);
			buildRules = (
			);
			dependencies = (
			);
			name = photoKitDemo;
			productName = photoKitDemo;
			productReference = CB868F431E4F13A5007A9B3C /* photoKitDemo.app */;
			productType = "com.apple.product-type.application";
		};
		CB868F5B1E4F13A5007A9B3C /* photoKitDemoTests */ = {
			isa = PBXNativeTarget;
			buildConfigurationList = CB868F731E4F13A5007A9B3C /* Build configuration list for PBXNativeTarget "photoKitDemoTests" */;
			buildPhases = (
				CB868F581E4F13A5007A9B3C /* Sources */,
				CB868F591E4F13A5007A9B3C /* Frameworks */,
				CB868F5A1E4F13A5007A9B3C /* Resources */,
			);
			buildRules = (
			);
			dependencies = (
				CB868F5E1E4F13A5007A9B3C /* PBXTargetDependency */,
			);
			name = photoKitDemoTests;
			productName = photoKitDemoTests;
			productReference = CB868F5C1E4F13A5007A9B3C /* photoKitDemoTests.xctest */;
			productType = "com.apple.product-type.bundle.unit-test";
		};
		CB868F661E4F13A5007A9B3C /* photoKitDemoUITests */ = {
			isa = PBXNativeTarget;
			buildConfigurationList = CB868F761E4F13A5007A9B3C /* Build configuration list for PBXNativeTarget "photoKitDemoUITests" */;
			buildPhases = (
				CB868F631E4F13A5007A9B3C /* Sources */,
				CB868F641E4F13A5007A9B3C /* Frameworks */,
				CB868F651E4F13A5007A9B3C /* Resources */,
			);
			buildRules = (
			);
			dependencies = (
				CB868F691E4F13A5007A9B3C /* PBXTargetDependency */,
			);
			name = photoKitDemoUITests;
			productName = photoKitDemoUITests;
			productReference = CB868F671E4F13A5007A9B3C /* photoKitDemoUITests.xctest */;
			productType = "com.apple.product-type.bundle.ui-testing";
		};
/* End PBXNativeTarget section */

/* Begin PBXProject section */
		CB868F3B1E4F13A5007A9B3C /* Project object */ = {
			isa = PBXProject;
			attributes = {
				LastUpgradeCheck = 0820;
				ORGANIZATIONNAME = minhangwang;
				TargetAttributes = {
					CB868F421E4F13A5007A9B3C = {
						CreatedOnToolsVersion = 8.2.1;
						DevelopmentTeam = KUVD96Z783;
						ProvisioningStyle = Automatic;
					};
					CB868F5B1E4F13A5007A9B3C = {
						CreatedOnToolsVersion = 8.2.1;
						ProvisioningStyle = Automatic;
						TestTargetID = CB868F421E4F13A5007A9B3C;
					};
					CB868F661E4F13A5007A9B3C = {
						CreatedOnToolsVersion = 8.2.1;
						ProvisioningStyle = Automatic;
						TestTargetID = CB868F421E4F13A5007A9B3C;
					};
				};
			};
			buildConfigurationList = CB868F3E1E4F13A5007A9B3C /* Build configuration list for PBXProject "photoKitDemo" */;
			compatibilityVersion = "Xcode 3.2";
			developmentRegion = English;
			hasScannedForEncodings = 0;
			knownRegions = (
				en,
				Base,
			);
			mainGroup = CB868F3A1E4F13A5007A9B3C;
			productRefGroup = CB868F441E4F13A5007A9B3C /* Products */;
			projectDirPath = "";
			projectRoot = "";
			targets = (
				CB868F421E4F13A5007A9B3C /* photoKitDemo */,
				CB868F5B1E4F13A5007A9B3C /* photoKitDemoTests */,
				CB868F661E4F13A5007A9B3C /* photoKitDemoUITests */,
			);
		};
/* End PBXProject section */

/* Begin PBXResourcesBuildPhase section */
		CB868F411E4F13A5007A9B3C /* Resources */ = {
			isa = PBXResourcesBuildPhase;
			buildActionMask = 2147483647;
			files = (
				CB868F561E4F13A5007A9B3C /* LaunchScreen.storyboard in Resources */,
				CB868F531E4F13A5007A9B3C /* Assets.xcassets in Resources */,
				CB868F511E4F13A5007A9B3C /* Main.storyboard in Resources */,
			);
			runOnlyForDeploymentPostprocessing = 0;
		};
		CB868F5A1E4F13A5007A9B3C /* Resources */ = {
			isa = PBXResourcesBuildPhase;
			buildActionMask = 2147483647;
			files = (
			);
			runOnlyForDeploymentPostprocessing = 0;
		};
		CB868F651E4F13A5007A9B3C /* Resources */ = {
			isa = PBXResourcesBuildPhase;
			buildActionMask = 2147483647;
			files = (
			);
			runOnlyForDeploymentPostprocessing = 0;
		};
/* End PBXResourcesBuildPhase section */

/* Begin PBXSourcesBuildPhase section */
		CB868F3F1E4F13A5007A9B3C /* Sources */ = {
			isa = PBXSourcesBuildPhase;
			buildActionMask = 2147483647;
			files = (
				CB868F4E1E4F13A5007A9B3C /* ViewController.m in Sources */,
				CB868F851E4F13ED007A9B3C /* myPhotoCollectionViewCell.m in Sources */,
				CB868F871E4F13ED007A9B3C /* PhotoScrViewController.m in Sources */,
				CB868F4B1E4F13A5007A9B3C /* AppDelegate.m in Sources */,
				CB868F861E4F13ED007A9B3C /* photoDetiViewController.m in Sources */,
				CB868F881E4F13ED007A9B3C /* PhotosViewController.m in Sources */,
				CB868F481E4F13A5007A9B3C /* main.m in Sources */,
				CB868F841E4F13ED007A9B3C /* bigImageCollectionViewCell.m in Sources */,
			);
			runOnlyForDeploymentPostprocessing = 0;
		};
		CB868F581E4F13A5007A9B3C /* Sources */ = {
			isa = PBXSourcesBuildPhase;
			buildActionMask = 2147483647;
			files = (
				CB868F611E4F13A5007A9B3C /* photoKitDemoTests.m in Sources */,
			);
			runOnlyForDeploymentPostprocessing = 0;
		};
		CB868F631E4F13A5007A9B3C /* Sources */ = {
			isa = PBXSourcesBuildPhase;
			buildActionMask = 2147483647;
			files = (
				CB868F6C1E4F13A5007A9B3C /* photoKitDemoUITests.m in Sources */,
			);
			runOnlyForDeploymentPostprocessing = 0;
		};
/* End PBXSourcesBuildPhase section */

/* Begin PBXTargetDependency section */
		CB868F5E1E4F13A5007A9B3C /* PBXTargetDependency */ = {
			isa = PBXTargetDependency;
			target = CB868F421E4F13A5007A9B3C /* photoKitDemo */;
			targetProxy = CB868F5D1E4F13A5007A9B3C /* PBXContainerItemProxy */;
		};
		CB868F691E4F13A5007A9B3C /* PBXTargetDependency */ = {
			isa = PBXTargetDependency;
			target = CB868F421E4F13A5007A9B3C /* photoKitDemo */;
			targetProxy = CB868F681E4F13A5007A9B3C /* PBXContainerItemProxy */;
		};
/* End PBXTargetDependency section */

/* Begin PBXVariantGroup section */
		CB868F4F1E4F13A5007A9B3C /* Main.storyboard */ = {
			isa = PBXVariantGroup;
			children = (
				CB868F501E4F13A5007A9B3C /* Base */,
			);
			name = Main.storyboard;
			sourceTree = "<group>";
		};
		CB868F541E4F13A5007A9B3C /* LaunchScreen.storyboard */ = {
			isa = PBXVariantGroup;
			children = (
				CB868F551E4F13A5007A9B3C /* Base */,
			);
			name = LaunchScreen.storyboard;
			sourceTree = "<group>";
		};
/* End PBXVariantGroup section */

/* Begin XCBuildConfiguration section */
		CB868F6E1E4F13A5007A9B3C /* Debug */ = {
			isa = XCBuildConfiguration;
			buildSettings = {
				ALWAYS_SEARCH_USER_PATHS = NO;
				CLANG_ANALYZER_NONNULL = YES;
				CLANG_CXX_LANGUAGE_STANDARD = "gnu++0x";
				CLANG_CXX_LIBRARY = "libc++";
				CLANG_ENABLE_MODULES = YES;
				CLANG_ENABLE_OBJC_ARC = YES;
				CLANG_WARN_BOOL_CONVERSION = YES;
				CLANG_WARN_CONSTANT_CONVERSION = YES;
				CLANG_WARN_DIRECT_OBJC_ISA_USAGE = YES_ERROR;
				CLANG_WARN_DOCUMENTATION_COMMENTS = YES;
				CLANG_WARN_EMPTY_BODY = YES;
				CLANG_WARN_ENUM_CONVERSION = YES;
				CLANG_WARN_INFINITE_RECURSION = YES;
				CLANG_WARN_INT_CONVERSION = YES;
				CLANG_WARN_OBJC_ROOT_CLASS = YES_ERROR;
				CLANG_WARN_SUSPICIOUS_MOVE = YES;
				CLANG_WARN_UNREACHABLE_CODE = YES;
				CLANG_WARN__DUPLICATE_METHOD_MATCH = YES;
				"CODE_SIGN_IDENTITY[sdk=iphoneos*]" = "iPhone Developer";
				COPY_PHASE_STRIP = NO;
				DEBUG_INFORMATION_FORMAT = dwarf;
				ENABLE_STRICT_OBJC_MSGSEND = YES;
				ENABLE_TESTABILITY = YES;
				GCC_C_LANGUAGE_STANDARD = gnu99;
				GCC_DYNAMIC_NO_PIC = NO;
				GCC_NO_COMMON_BLOCKS = YES;
				GCC_OPTIMIZATION_LEVEL = 0;
				GCC_PREPROCESSOR_DEFINITIONS = (
					"DEBUG=1",
					"$(inherited)",
				);
				GCC_WARN_64_TO_32_BIT_CONVERSION = YES;
				GCC_WARN_ABOUT_RETURN_TYPE = YES_ERROR;
				GCC_WARN_UNDECLARED_SELECTOR = YES;
				GCC_WARN_UNINITIALIZED_AUTOS = YES_AGGRESSIVE;
				GCC_WARN_UNUSED_FUNCTION = YES;
				GCC_WARN_UNUSED_VARIABLE = YES;
				IPHONEOS_DEPLOYMENT_TARGET = 10.2;
				MTL_ENABLE_DEBUG_INFO = YES;
				ONLY_ACTIVE_ARCH = YES;
				SDKROOT = iphoneos;
				TARGETED_DEVICE_FAMILY = "1,2";
			};
			name = Debug;
		};
		CB868F6F1E4F13A5007A9B3C /* Release */ = {
			isa = XCBuildConfiguration;
			buildSettings = {
				ALWAYS_SEARCH_USER_PATHS = NO;
				CLANG_ANALYZER_NONNULL = YES;
				CLANG_CXX_LANGUAGE_STANDARD = "gnu++0x";
				CLANG_CXX_LIBRARY = "libc++";
				CLANG_ENABLE_MODULES = YES;
				CLANG_ENABLE_OBJC_ARC = YES;
				CLANG_WARN_BOOL_CONVERSION = YES;
				CLANG_WARN_CONSTANT_CONVERSION = YES;
				CLANG_WARN_DIRECT_OBJC_ISA_USAGE = YES_ERROR;
				CLANG_WARN_DOCUMENTATION_COMMENTS = YES;
				CLANG_WARN_EMPTY_BODY = YES;
				CLANG_WARN_ENUM_CONVERSION = YES;
				CLANG_WARN_INFINITE_RECURSION = YES;
				CLANG_WARN_INT_CONVERSION = YES;
				CLANG_WARN_OBJC_ROOT_CLASS = YES_ERROR;
				CLANG_WARN_SUSPICIOUS_MOVE = YES;
				CLANG_WARN_UNREACHABLE_CODE = YES;
				CLANG_WARN__DUPLICATE_METHOD_MATCH = YES;
				"CODE_SIGN_IDENTITY[sdk=iphoneos*]" = "iPhone Developer";
				COPY_PHASE_STRIP = NO;
				DEBUG_INFORMATION_FORMAT = "dwarf-with-dsym";
				ENABLE_NS_ASSERTIONS = NO;
				ENABLE_STRICT_OBJC_MSGSEND = YES;
				GCC_C_LANGUAGE_STANDARD = gnu99;
				GCC_NO_COMMON_BLOCKS = YES;
				GCC_WARN_64_TO_32_BIT_CONVERSION = YES;
				GCC_WARN_ABOUT_RETURN_TYPE = YES_ERROR;
				GCC_WARN_UNDECLARED_SELECTOR = YES;
				GCC_WARN_UNINITIALIZED_AUTOS = YES_AGGRESSIVE;
				GCC_WARN_UNUSED_FUNCTION = YES;
				GCC_WARN_UNUSED_VARIABLE = YES;
				IPHONEOS_DEPLOYMENT_TARGET = 10.2;
				MTL_ENABLE_DEBUG_INFO = NO;
				SDKROOT = iphoneos;
				TARGETED_DEVICE_FAMILY = "1,2";
				VALIDATE_PRODUCT = YES;
			};
			name = Release;
		};
		CB868F711E4F13A5007A9B3C /* Debug */ = {
			isa = XCBuildConfiguration;
			buildSettings = {
				ASSETCATALOG_COMPILER_APPICON_NAME = AppIcon;
				DEVELOPMENT_TEAM = KUVD96Z783;
				INFOPLIST_FILE = photoKitDemo/Info.plist;
				LD_RUNPATH_SEARCH_PATHS = "$(inherited) @executable_path/Frameworks";
				PRODUCT_BUNDLE_IDENTIFIER = com.ch999.CH999;
				PRODUCT_NAME = "$(TARGET_NAME)";
			};
			name = Debug;
		};
		CB868F721E4F13A5007A9B3C /* Release */ = {
			isa = XCBuildConfiguration;
			buildSettings = {
				ASSETCATALOG_COMPILER_APPICON_NAME = AppIcon;
				DEVELOPMENT_TEAM = KUVD96Z783;
				INFOPLIST_FILE = photoKitDemo/Info.plist;
				LD_RUNPATH_SEARCH_PATHS = "$(inherited) @executable_path/Frameworks";
				PRODUCT_BUNDLE_IDENTIFIER = com.ch999.CH999;
				PRODUCT_NAME = "$(TARGET_NAME)";
			};
			name = Release;
		};
		CB868F741E4F13A5007A9B3C /* Debug */ = {
			isa = XCBuildConfiguration;
			buildSettings = {
				BUNDLE_LOADER = "$(TEST_HOST)";
				INFOPLIST_FILE = photoKitDemoTests/Info.plist;
				LD_RUNPATH_SEARCH_PATHS = "$(inherited) @executable_path/Frameworks @loader_path/Frameworks";
				PRODUCT_BUNDLE_IDENTIFIER = com.dwhs.photoKitDemoTests;
				PRODUCT_NAME = "$(TARGET_NAME)";
				TEST_HOST = "$(BUILT_PRODUCTS_DIR)/photoKitDemo.app/photoKitDemo";
			};
			name = Debug;
		};
		CB868F751E4F13A5007A9B3C /* Release */ = {
			isa = XCBuildConfiguration;
			buildSettings = {
				BUNDLE_LOADER = "$(TEST_HOST)";
				INFOPLIST_FILE = photoKitDemoTests/Info.plist;
				LD_RUNPATH_SEARCH_PATHS = "$(inherited) @executable_path/Frameworks @loader_path/Frameworks";
				PRODUCT_BUNDLE_IDENTIFIER = com.dwhs.photoKitDemoTests;
				PRODUCT_NAME = "$(TARGET_NAME)";
				TEST_HOST = "$(BUILT_PRODUCTS_DIR)/photoKitDemo.app/photoKitDemo";
			};
			name = Release;
		};
		CB868F771E4F13A5007A9B3C /* Debug */ = {
			isa = XCBuildConfiguration;
			buildSettings = {
				INFOPLIST_FILE = photoKitDemoUITests/Info.plist;
				LD_RUNPATH_SEARCH_PATHS = "$(inherited) @executable_path/Frameworks @loader_path/Frameworks";
				PRODUCT_BUNDLE_IDENTIFIER = com.dwhs.photoKitDemoUITests;
				PRODUCT_NAME = "$(TARGET_NAME)";
				TEST_TARGET_NAME = photoKitDemo;
			};
			name = Debug;
		};
		CB868F781E4F13A5007A9B3C /* Release */ = {
			isa = XCBuildConfiguration;
			buildSettings = {
				INFOPLIST_FILE = photoKitDemoUITests/Info.plist;
				LD_RUNPATH_SEARCH_PATHS = "$(inherited) @executable_path/Frameworks @loader_path/Frameworks";
				PRODUCT_BUNDLE_IDENTIFIER = com.dwhs.photoKitDemoUITests;
				PRODUCT_NAME = "$(TARGET_NAME)";
				TEST_TARGET_NAME = photoKitDemo;
			};
			name = Release;
		};
/* End XCBuildConfiguration section */

/* Begin XCConfigurationList section */
		CB868F3E1E4F13A5007A9B3C /* Build configuration list for PBXProject "photoKitDemo" */ = {
			isa = XCConfigurationList;
			buildConfigurations = (
				CB868F6E1E4F13A5007A9B3C /* Debug */,
				CB868F6F1E4F13A5007A9B3C /* Release */,
			);
			defaultConfigurationIsVisible = 0;
			defaultConfigurationName = Release;
		};
		CB868F701E4F13A5007A9B3C /* Build configuration list for PBXNativeTarget "photoKitDemo" */ = {
			isa = XCConfigurationList;
			buildConfigurations = (
				CB868F711E4F13A5007A9B3C /* Debug */,
				CB868F721E4F13A5007A9B3C /* Release */,
			);
			defaultConfigurationIsVisible = 0;
			defaultConfigurationName = Release;
		};
		CB868F731E4F13A5007A9B3C /* Build configuration list for PBXNativeTarget "photoKitDemoTests" */ = {
			isa = XCConfigurationList;
			buildConfigurations = (
				CB868F741E4F13A5007A9B3C /* Debug */,
				CB868F751E4F13A5007A9B3C /* Release */,
			);
			defaultConfigurationIsVisible = 0;
			defaultConfigurationName = Release;
		};
		CB868F761E4F13A5007A9B3C /* Build configuration list for PBXNativeTarget "photoKitDemoUITests" */ = {
			isa = XCConfigurationList;
			buildConfigurations = (
				CB868F771E4F13A5007A9B3C /* Debug */,
				CB868F781E4F13A5007A9B3C /* Release */,
			);
			defaultConfigurationIsVisible = 0;
			defaultConfigurationName = Release;
		};
/* End XCConfigurationList section */
	};
	rootObject = CB868F3B1E4F13A5007A9B3C /* Project object */;
}
